// !$*UTF8*$!
{
	archiveVersion = 1;
	classes = {
	};
	objectVersion = 55;
	objects = {

/* Begin PBXBuildFile section */
		1A0FAA26282FB53200D9F8F1 /* AppDelegate.swift in Sources */ = {isa = PBXBuildFile; fileRef = 1A0FAA25282FB53200D9F8F1 /* AppDelegate.swift */; };
		1A0FAA28282FB53200D9F8F1 /* SceneDelegate.swift in Sources */ = {isa = PBXBuildFile; fileRef = 1A0FAA27282FB53200D9F8F1 /* SceneDelegate.swift */; };
		1A0FAA2F282FB53400D9F8F1 /* Assets.xcassets in Resources */ = {isa = PBXBuildFile; fileRef = 1A0FAA2E282FB53400D9F8F1 /* Assets.xcassets */; };
		1A0FAA32282FB53400D9F8F1 /* LaunchScreen.storyboard in Resources */ = {isa = PBXBuildFile; fileRef = 1A0FAA30282FB53400D9F8F1 /* LaunchScreen.storyboard */; };
		1A0FAA3D282FE0C200D9F8F1 /* HomeAPI.swift in Sources */ = {isa = PBXBuildFile; fileRef = 1A0FAA3C282FE0C200D9F8F1 /* HomeAPI.swift */; };
		1A0FAA4F282FEE6200D9F8F1 /* Box.swift in Sources */ = {isa = PBXBuildFile; fileRef = 1A0FAA4E282FEE6200D9F8F1 /* Box.swift */; };
		1A0FAA57283262F100D9F8F1 /* TypeCell.swift in Sources */ = {isa = PBXBuildFile; fileRef = 1A0FAA56283262F100D9F8F1 /* TypeCell.swift */; };
		1A29B5382833D33100F86F02 /* Constants.swift in Sources */ = {isa = PBXBuildFile; fileRef = 1A29B5372833D33100F86F02 /* Constants.swift */; };
		1A29B53A2835063900F86F02 /* HomeCell.swift in Sources */ = {isa = PBXBuildFile; fileRef = 1A29B5392835063900F86F02 /* HomeCell.swift */; };
		1A29B53C28352B6E00F86F02 /* ButtonView.xib in Resources */ = {isa = PBXBuildFile; fileRef = 1A29B53B28352B6E00F86F02 /* ButtonView.xib */; };
		1A29B53E28352C1500F86F02 /* ButtonView.swift in Sources */ = {isa = PBXBuildFile; fileRef = 1A29B53D28352C1500F86F02 /* ButtonView.swift */; };
		1A29B54028352F9900F86F02 /* ButtonViewController.swift in Sources */ = {isa = PBXBuildFile; fileRef = 1A29B53F28352F9900F86F02 /* ButtonViewController.swift */; };
		1A29B5422835342E00F86F02 /* ButtonViewModal.swift in Sources */ = {isa = PBXBuildFile; fileRef = 1A29B5412835342E00F86F02 /* ButtonViewModal.swift */; };
		1A29B545283534B900F86F02 /* XibButtonViewCoordinator.swift in Sources */ = {isa = PBXBuildFile; fileRef = 1A29B544283534B900F86F02 /* XibButtonViewCoordinator.swift */; };
		1A29B5492836393100F86F02 /* XibLabelViewCoordinator.swift in Sources */ = {isa = PBXBuildFile; fileRef = 1A29B5482836393100F86F02 /* XibLabelViewCoordinator.swift */; };
		1A29B54B283639C200F86F02 /* LabelViewModel.swift in Sources */ = {isa = PBXBuildFile; fileRef = 1A29B54A283639C200F86F02 /* LabelViewModel.swift */; };
		1A29B55028363BC500F86F02 /* LabelViewController.swift in Sources */ = {isa = PBXBuildFile; fileRef = 1A29B54E28363BC500F86F02 /* LabelViewController.swift */; };
		1A29B55128363BC500F86F02 /* LabelViewController.xib in Resources */ = {isa = PBXBuildFile; fileRef = 1A29B54F28363BC500F86F02 /* LabelViewController.xib */; };
		1A29B55428364DF000F86F02 /* Coordinator.swift in Sources */ = {isa = PBXBuildFile; fileRef = 1A29B55328364DF000F86F02 /* Coordinator.swift */; };
		1A29B55628364F7900F86F02 /* DetailScreenViewModel.swift in Sources */ = {isa = PBXBuildFile; fileRef = 1A29B55528364F7900F86F02 /* DetailScreenViewModel.swift */; };
		1A29B5582836562E00F86F02 /* DetailScreenCoordinator.swift in Sources */ = {isa = PBXBuildFile; fileRef = 1A29B5572836562E00F86F02 /* DetailScreenCoordinator.swift */; };
		1A29B55A283656DA00F86F02 /* DetailScreenViewController.swift in Sources */ = {isa = PBXBuildFile; fileRef = 1A29B559283656DA00F86F02 /* DetailScreenViewController.swift */; };
		1A3716CD283FAA0B00585907 /* DataManager.swift in Sources */ = {isa = PBXBuildFile; fileRef = 1A3716CC283FAA0B00585907 /* DataManager.swift */; };
		1A46D0B2284652AB005DBF7E /* LocalDataManager.swift in Sources */ = {isa = PBXBuildFile; fileRef = 1A46D0B1284652AB005DBF7E /* LocalDataManager.swift */; };
		1A46D0B428465328005DBF7E /* DataManagerProtocol.swift in Sources */ = {isa = PBXBuildFile; fileRef = 1A46D0B328465328005DBF7E /* DataManagerProtocol.swift */; };
		1A46D0B6284655C6005DBF7E /* NetworkDataManager.swift in Sources */ = {isa = PBXBuildFile; fileRef = 1A46D0B5284655C6005DBF7E /* NetworkDataManager.swift */; };
		1AB31B13283B78F00027C338 /* MainController.swift in Sources */ = {isa = PBXBuildFile; fileRef = 1AB31B12283B78F00027C338 /* MainController.swift */; };
		1AC51861283B956C00D0E658 /* MainView.swift in Sources */ = {isa = PBXBuildFile; fileRef = 1AC51860283B956C00D0E658 /* MainView.swift */; };
		1AC51864283B9F7000D0E658 /* HomesViewController.swift in Sources */ = {isa = PBXBuildFile; fileRef = 1AC51863283B9F7000D0E658 /* HomesViewController.swift */; };
		1AC51866283BA16D00D0E658 /* HomesView.swift in Sources */ = {isa = PBXBuildFile; fileRef = 1AC51865283BA16D00D0E658 /* HomesView.swift */; };
		1AC51868283BC6BF00D0E658 /* HomeInfoTableViewCell.swift in Sources */ = {isa = PBXBuildFile; fileRef = 1AC51867283BC6BF00D0E658 /* HomeInfoTableViewCell.swift */; };
		1AC5186A283BD07300D0E658 /* HomesInfoTableCoordinator.swift in Sources */ = {isa = PBXBuildFile; fileRef = 1AC51869283BD07300D0E658 /* HomesInfoTableCoordinator.swift */; };
		1AC5186D283BE4F100D0E658 /* HomesInfo.json in Resources */ = {isa = PBXBuildFile; fileRef = 1AC5186C283BE4F100D0E658 /* HomesInfo.json */; };
		1AC5186F283BE53400D0E658 /* HomeDetail.json in Resources */ = {isa = PBXBuildFile; fileRef = 1AC5186E283BE53400D0E658 /* HomeDetail.json */; };
		1AC51871283CCCB500D0E658 /* HomesViewModel.swift in Sources */ = {isa = PBXBuildFile; fileRef = 1AC51870283CCCB500D0E658 /* HomesViewModel.swift */; };
		1AC51873283CCE7700D0E658 /* HomeInfoCellViewModel.swift in Sources */ = {isa = PBXBuildFile; fileRef = 1AC51872283CCE7700D0E658 /* HomeInfoCellViewModel.swift */; };
		1AC51876283E342700D0E658 /* HomeDetailCoordinator.swift in Sources */ = {isa = PBXBuildFile; fileRef = 1AC51875283E342700D0E658 /* HomeDetailCoordinator.swift */; };
		1AC51878283E34DA00D0E658 /* HomeDetailViewModel.swift in Sources */ = {isa = PBXBuildFile; fileRef = 1AC51877283E34DA00D0E658 /* HomeDetailViewModel.swift */; };
		1AC5187A283E351100D0E658 /* HomeDetailViewController.swift in Sources */ = {isa = PBXBuildFile; fileRef = 1AC51879283E351100D0E658 /* HomeDetailViewController.swift */; };
		1AC5187C283E36FE00D0E658 /* HomeDetailView.swift in Sources */ = {isa = PBXBuildFile; fileRef = 1AC5187B283E36FE00D0E658 /* HomeDetailView.swift */; };
		1AC5187E283E619300D0E658 /* HomeDetail.swift in Sources */ = {isa = PBXBuildFile; fileRef = 1AC5187D283E619300D0E658 /* HomeDetail.swift */; };
		1AC51882283E770F00D0E658 /* Localizable.strings in Resources */ = {isa = PBXBuildFile; fileRef = 1AC51884283E770F00D0E658 /* Localizable.strings */; };
		1AC51887283E805A00D0E658 /* NetworkDataDelegate.swift in Sources */ = {isa = PBXBuildFile; fileRef = 1AC51886283E805A00D0E658 /* NetworkDataDelegate.swift */; };
		B9205719B341FF26FC938E01 /* Pods_HomeForSale.framework in Frameworks */ = {isa = PBXBuildFile; fileRef = BE5289FB761AB63491B44A4C /* Pods_HomeForSale.framework */; };
/* End PBXBuildFile section */

/* Begin PBXFileReference section */
		1A0FAA22282FB53200D9F8F1 /* HomeForSale.app */ = {isa = PBXFileReference; explicitFileType = wrapper.application; includeInIndex = 0; path = HomeForSale.app; sourceTree = BUILT_PRODUCTS_DIR; };
		1A0FAA25282FB53200D9F8F1 /* AppDelegate.swift */ = {isa = PBXFileReference; lastKnownFileType = sourcecode.swift; path = AppDelegate.swift; sourceTree = "<group>"; };
		1A0FAA27282FB53200D9F8F1 /* SceneDelegate.swift */ = {isa = PBXFileReference; lastKnownFileType = sourcecode.swift; path = SceneDelegate.swift; sourceTree = "<group>"; };
		1A0FAA2E282FB53400D9F8F1 /* Assets.xcassets */ = {isa = PBXFileReference; lastKnownFileType = folder.assetcatalog; path = Assets.xcassets; sourceTree = "<group>"; };
		1A0FAA31282FB53400D9F8F1 /* Base */ = {isa = PBXFileReference; lastKnownFileType = file.storyboard; name = Base; path = Base.lproj/LaunchScreen.storyboard; sourceTree = "<group>"; };
		1A0FAA33282FB53400D9F8F1 /* Info.plist */ = {isa = PBXFileReference; lastKnownFileType = text.plist.xml; path = Info.plist; sourceTree = "<group>"; };
		1A0FAA3C282FE0C200D9F8F1 /* HomeAPI.swift */ = {isa = PBXFileReference; lastKnownFileType = sourcecode.swift; path = HomeAPI.swift; sourceTree = "<group>"; };
		1A0FAA4E282FEE6200D9F8F1 /* Box.swift */ = {isa = PBXFileReference; lastKnownFileType = sourcecode.swift; path = Box.swift; sourceTree = "<group>"; };
		1A0FAA56283262F100D9F8F1 /* TypeCell.swift */ = {isa = PBXFileReference; lastKnownFileType = sourcecode.swift; path = TypeCell.swift; sourceTree = "<group>"; };
		1A29B5372833D33100F86F02 /* Constants.swift */ = {isa = PBXFileReference; lastKnownFileType = sourcecode.swift; path = Constants.swift; sourceTree = "<group>"; };
		1A29B5392835063900F86F02 /* HomeCell.swift */ = {isa = PBXFileReference; lastKnownFileType = sourcecode.swift; path = HomeCell.swift; sourceTree = "<group>"; };
		1A29B53B28352B6E00F86F02 /* ButtonView.xib */ = {isa = PBXFileReference; lastKnownFileType = file.xib; path = ButtonView.xib; sourceTree = "<group>"; };
		1A29B53D28352C1500F86F02 /* ButtonView.swift */ = {isa = PBXFileReference; lastKnownFileType = sourcecode.swift; path = ButtonView.swift; sourceTree = "<group>"; };
		1A29B53F28352F9900F86F02 /* ButtonViewController.swift */ = {isa = PBXFileReference; lastKnownFileType = sourcecode.swift; path = ButtonViewController.swift; sourceTree = "<group>"; };
		1A29B5412835342E00F86F02 /* ButtonViewModal.swift */ = {isa = PBXFileReference; lastKnownFileType = sourcecode.swift; path = ButtonViewModal.swift; sourceTree = "<group>"; };
		1A29B544283534B900F86F02 /* XibButtonViewCoordinator.swift */ = {isa = PBXFileReference; lastKnownFileType = sourcecode.swift; path = XibButtonViewCoordinator.swift; sourceTree = "<group>"; };
		1A29B5482836393100F86F02 /* XibLabelViewCoordinator.swift */ = {isa = PBXFileReference; lastKnownFileType = sourcecode.swift; path = XibLabelViewCoordinator.swift; sourceTree = "<group>"; };
		1A29B54A283639C200F86F02 /* LabelViewModel.swift */ = {isa = PBXFileReference; lastKnownFileType = sourcecode.swift; path = LabelViewModel.swift; sourceTree = "<group>"; };
		1A29B54E28363BC500F86F02 /* LabelViewController.swift */ = {isa = PBXFileReference; lastKnownFileType = sourcecode.swift; path = LabelViewController.swift; sourceTree = "<group>"; };
		1A29B54F28363BC500F86F02 /* LabelViewController.xib */ = {isa = PBXFileReference; lastKnownFileType = file.xib; path = LabelViewController.xib; sourceTree = "<group>"; };
		1A29B55328364DF000F86F02 /* Coordinator.swift */ = {isa = PBXFileReference; lastKnownFileType = sourcecode.swift; path = Coordinator.swift; sourceTree = "<group>"; };
		1A29B55528364F7900F86F02 /* DetailScreenViewModel.swift */ = {isa = PBXFileReference; lastKnownFileType = sourcecode.swift; path = DetailScreenViewModel.swift; sourceTree = "<group>"; };
		1A29B5572836562E00F86F02 /* DetailScreenCoordinator.swift */ = {isa = PBXFileReference; lastKnownFileType = sourcecode.swift; path = DetailScreenCoordinator.swift; sourceTree = "<group>"; };
		1A29B559283656DA00F86F02 /* DetailScreenViewController.swift */ = {isa = PBXFileReference; lastKnownFileType = sourcecode.swift; path = DetailScreenViewController.swift; sourceTree = "<group>"; };
		1A3716CC283FAA0B00585907 /* DataManager.swift */ = {isa = PBXFileReference; fileEncoding = 4; lastKnownFileType = sourcecode.swift; path = DataManager.swift; sourceTree = "<group>"; };
		1A46D0B1284652AB005DBF7E /* LocalDataManager.swift */ = {isa = PBXFileReference; lastKnownFileType = sourcecode.swift; path = LocalDataManager.swift; sourceTree = "<group>"; };
		1A46D0B328465328005DBF7E /* DataManagerProtocol.swift */ = {isa = PBXFileReference; lastKnownFileType = sourcecode.swift; path = DataManagerProtocol.swift; sourceTree = "<group>"; };
		1A46D0B5284655C6005DBF7E /* NetworkDataManager.swift */ = {isa = PBXFileReference; lastKnownFileType = sourcecode.swift; path = NetworkDataManager.swift; sourceTree = "<group>"; };
		1AB31B12283B78F00027C338 /* MainController.swift */ = {isa = PBXFileReference; lastKnownFileType = sourcecode.swift; path = MainController.swift; sourceTree = "<group>"; };
		1AC51860283B956C00D0E658 /* MainView.swift */ = {isa = PBXFileReference; lastKnownFileType = sourcecode.swift; path = MainView.swift; sourceTree = "<group>"; };
		1AC51863283B9F7000D0E658 /* HomesViewController.swift */ = {isa = PBXFileReference; lastKnownFileType = sourcecode.swift; path = HomesViewController.swift; sourceTree = "<group>"; };
		1AC51865283BA16D00D0E658 /* HomesView.swift */ = {isa = PBXFileReference; lastKnownFileType = sourcecode.swift; path = HomesView.swift; sourceTree = "<group>"; };
		1AC51867283BC6BF00D0E658 /* HomeInfoTableViewCell.swift */ = {isa = PBXFileReference; lastKnownFileType = sourcecode.swift; path = HomeInfoTableViewCell.swift; sourceTree = "<group>"; };
		1AC51869283BD07300D0E658 /* HomesInfoTableCoordinator.swift */ = {isa = PBXFileReference; lastKnownFileType = sourcecode.swift; path = HomesInfoTableCoordinator.swift; sourceTree = "<group>"; };
		1AC5186C283BE4F100D0E658 /* HomesInfo.json */ = {isa = PBXFileReference; lastKnownFileType = text.json; path = HomesInfo.json; sourceTree = "<group>"; };
		1AC5186E283BE53400D0E658 /* HomeDetail.json */ = {isa = PBXFileReference; lastKnownFileType = text.json; path = HomeDetail.json; sourceTree = "<group>"; };
		1AC51870283CCCB500D0E658 /* HomesViewModel.swift */ = {isa = PBXFileReference; lastKnownFileType = sourcecode.swift; path = HomesViewModel.swift; sourceTree = "<group>"; };
		1AC51872283CCE7700D0E658 /* HomeInfoCellViewModel.swift */ = {isa = PBXFileReference; lastKnownFileType = sourcecode.swift; path = HomeInfoCellViewModel.swift; sourceTree = "<group>"; };
		1AC51875283E342700D0E658 /* HomeDetailCoordinator.swift */ = {isa = PBXFileReference; lastKnownFileType = sourcecode.swift; path = HomeDetailCoordinator.swift; sourceTree = "<group>"; };
		1AC51877283E34DA00D0E658 /* HomeDetailViewModel.swift */ = {isa = PBXFileReference; lastKnownFileType = sourcecode.swift; path = HomeDetailViewModel.swift; sourceTree = "<group>"; };
		1AC51879283E351100D0E658 /* HomeDetailViewController.swift */ = {isa = PBXFileReference; lastKnownFileType = sourcecode.swift; path = HomeDetailViewController.swift; sourceTree = "<group>"; };
		1AC5187B283E36FE00D0E658 /* HomeDetailView.swift */ = {isa = PBXFileReference; lastKnownFileType = sourcecode.swift; path = HomeDetailView.swift; sourceTree = "<group>"; };
		1AC5187D283E619300D0E658 /* HomeDetail.swift */ = {isa = PBXFileReference; lastKnownFileType = sourcecode.swift; path = HomeDetail.swift; sourceTree = "<group>"; };
		1AC5187F283E761200D0E658 /* ru */ = {isa = PBXFileReference; lastKnownFileType = text.plist.strings; name = ru; path = ru.lproj/LaunchScreen.strings; sourceTree = "<group>"; };
		1AC51883283E770F00D0E658 /* en */ = {isa = PBXFileReference; lastKnownFileType = text.plist.strings; name = en; path = en.lproj/Localizable.strings; sourceTree = "<group>"; };
		1AC51885283E771100D0E658 /* ru */ = {isa = PBXFileReference; lastKnownFileType = text.plist.strings; name = ru; path = ru.lproj/Localizable.strings; sourceTree = "<group>"; };
		1AC51886283E805A00D0E658 /* NetworkDataDelegate.swift */ = {isa = PBXFileReference; lastKnownFileType = sourcecode.swift; path = NetworkDataDelegate.swift; sourceTree = "<group>"; };
		33DEB3ED0A44EB75379B4D7F /* Pods-HomeForSale.debug.xcconfig */ = {isa = PBXFileReference; includeInIndex = 1; lastKnownFileType = text.xcconfig; name = "Pods-HomeForSale.debug.xcconfig"; path = "Target Support Files/Pods-HomeForSale/Pods-HomeForSale.debug.xcconfig"; sourceTree = "<group>"; };
		BE5289FB761AB63491B44A4C /* Pods_HomeForSale.framework */ = {isa = PBXFileReference; explicitFileType = wrapper.framework; includeInIndex = 0; path = Pods_HomeForSale.framework; sourceTree = BUILT_PRODUCTS_DIR; };
		C186C772F6EC67ED24813C1C /* Pods-HomeForSale.release.xcconfig */ = {isa = PBXFileReference; includeInIndex = 1; lastKnownFileType = text.xcconfig; name = "Pods-HomeForSale.release.xcconfig"; path = "Target Support Files/Pods-HomeForSale/Pods-HomeForSale.release.xcconfig"; sourceTree = "<group>"; };
/* End PBXFileReference section */

/* Begin PBXFrameworksBuildPhase section */
		1A0FAA1F282FB53200D9F8F1 /* Frameworks */ = {
			isa = PBXFrameworksBuildPhase;
			buildActionMask = 2147483647;
			files = (
				B9205719B341FF26FC938E01 /* Pods_HomeForSale.framework in Frameworks */,
			);
			runOnlyForDeploymentPostprocessing = 0;
		};
/* End PBXFrameworksBuildPhase section */

/* Begin PBXGroup section */
		18ECC8127FA5F2AB9DCD2CF8 /* Pods */ = {
			isa = PBXGroup;
			children = (
				33DEB3ED0A44EB75379B4D7F /* Pods-HomeForSale.debug.xcconfig */,
				C186C772F6EC67ED24813C1C /* Pods-HomeForSale.release.xcconfig */,
			);
			path = Pods;
			sourceTree = "<group>";
		};
		1A0FAA19282FB53200D9F8F1 = {
			isa = PBXGroup;
			children = (
				1A0FAA24282FB53200D9F8F1 /* HomeForSale */,
				1A0FAA23282FB53200D9F8F1 /* Products */,
				18ECC8127FA5F2AB9DCD2CF8 /* Pods */,
				4E139D7349493283288853F0 /* Frameworks */,
			);
			sourceTree = "<group>";
		};
		1A0FAA23282FB53200D9F8F1 /* Products */ = {
			isa = PBXGroup;
			children = (
				1A0FAA22282FB53200D9F8F1 /* HomeForSale.app */,
			);
			name = Products;
			sourceTree = "<group>";
		};
		1A0FAA24282FB53200D9F8F1 /* HomeForSale */ = {
			isa = PBXGroup;
			children = (
				1AC5185E283B950C00D0E658 /* Pages */,
				1A29B5462836354600F86F02 /* Screens */,
				1A0FAA4D282FEE4B00D9F8F1 /* Utils */,
				1A29B5342833D08900F86F02 /* Network */,
				1A0FAA3B282FE05D00D9F8F1 /* Models */,
				1AC5186B283BE46700D0E658 /* TestData */,
				1A0FAA25282FB53200D9F8F1 /* AppDelegate.swift */,
				1A0FAA27282FB53200D9F8F1 /* SceneDelegate.swift */,
				1A0FAA2E282FB53400D9F8F1 /* Assets.xcassets */,
				1A0FAA30282FB53400D9F8F1 /* LaunchScreen.storyboard */,
				1A0FAA33282FB53400D9F8F1 /* Info.plist */,
				1AC51884283E770F00D0E658 /* Localizable.strings */,
			);
			path = HomeForSale;
			sourceTree = "<group>";
		};
		1A0FAA3B282FE05D00D9F8F1 /* Models */ = {
			isa = PBXGroup;
			children = (
				1A0FAA3C282FE0C200D9F8F1 /* HomeAPI.swift */,
				1A29B5392835063900F86F02 /* HomeCell.swift */,
				1AC5187D283E619300D0E658 /* HomeDetail.swift */,
				1A0FAA56283262F100D9F8F1 /* TypeCell.swift */,
				1A29B5372833D33100F86F02 /* Constants.swift */,
			);
			path = Models;
			sourceTree = "<group>";
		};
		1A0FAA4D282FEE4B00D9F8F1 /* Utils */ = {
			isa = PBXGroup;
			children = (
				1A0FAA4E282FEE6200D9F8F1 /* Box.swift */,
				1A29B55328364DF000F86F02 /* Coordinator.swift */,
				1AC51886283E805A00D0E658 /* NetworkDataDelegate.swift */,
			);
			path = Utils;
			sourceTree = "<group>";
		};
		1A29B5342833D08900F86F02 /* Network */ = {
			isa = PBXGroup;
			children = (
				1A3716CC283FAA0B00585907 /* DataManager.swift */,
				1A46D0B328465328005DBF7E /* DataManagerProtocol.swift */,
				1A46D0B1284652AB005DBF7E /* LocalDataManager.swift */,
				1A46D0B5284655C6005DBF7E /* NetworkDataManager.swift */,
			);
			path = Network;
			sourceTree = "<group>";
		};
		1A29B5432835346100F86F02 /* xibBasedScreen */ = {
			isa = PBXGroup;
			children = (
				1A29B544283534B900F86F02 /* XibButtonViewCoordinator.swift */,
				1A29B5412835342E00F86F02 /* ButtonViewModal.swift */,
				1A29B53F28352F9900F86F02 /* ButtonViewController.swift */,
				1A29B53D28352C1500F86F02 /* ButtonView.swift */,
				1A29B53B28352B6E00F86F02 /* ButtonView.xib */,
			);
			path = xibBasedScreen;
			sourceTree = "<group>";
		};
		1A29B5462836354600F86F02 /* Screens */ = {
			isa = PBXGroup;
			children = (
				1A29B55228364CCA00F86F02 /* DetailScreen */,
				1A29B547283638D200F86F02 /* xibScreen */,
				1A29B5432835346100F86F02 /* xibBasedScreen */,
			);
			path = Screens;
			sourceTree = "<group>";
		};
		1A29B547283638D200F86F02 /* xibScreen */ = {
			isa = PBXGroup;
			children = (
				1A29B5482836393100F86F02 /* XibLabelViewCoordinator.swift */,
				1A29B54A283639C200F86F02 /* LabelViewModel.swift */,
				1A29B54E28363BC500F86F02 /* LabelViewController.swift */,
				1A29B54F28363BC500F86F02 /* LabelViewController.xib */,
			);
			path = xibScreen;
			sourceTree = "<group>";
		};
		1A29B55228364CCA00F86F02 /* DetailScreen */ = {
			isa = PBXGroup;
			children = (
				1A29B5572836562E00F86F02 /* DetailScreenCoordinator.swift */,
				1A29B55528364F7900F86F02 /* DetailScreenViewModel.swift */,
				1A29B559283656DA00F86F02 /* DetailScreenViewController.swift */,
			);
			path = DetailScreen;
			sourceTree = "<group>";
		};
		1AC5185E283B950C00D0E658 /* Pages */ = {
			isa = PBXGroup;
			children = (
				1AC51874283E302700D0E658 /* HomeDetail */,
				1AC51862283B9F1500D0E658 /* Homes */,
				1AC5185F283B951900D0E658 /* MainPage */,
			);
			path = Pages;
			sourceTree = "<group>";
		};
		1AC5185F283B951900D0E658 /* MainPage */ = {
			isa = PBXGroup;
			children = (
				1AB31B12283B78F00027C338 /* MainController.swift */,
				1AC51860283B956C00D0E658 /* MainView.swift */,
			);
			path = MainPage;
			sourceTree = "<group>";
		};
		1AC51862283B9F1500D0E658 /* Homes */ = {
			isa = PBXGroup;
			children = (
				1AC51869283BD07300D0E658 /* HomesInfoTableCoordinator.swift */,
				1AC51863283B9F7000D0E658 /* HomesViewController.swift */,
				1AC51870283CCCB500D0E658 /* HomesViewModel.swift */,
				1AC51865283BA16D00D0E658 /* HomesView.swift */,
				1AC51867283BC6BF00D0E658 /* HomeInfoTableViewCell.swift */,
				1AC51872283CCE7700D0E658 /* HomeInfoCellViewModel.swift */,
			);
			path = Homes;
			sourceTree = "<group>";
		};
		1AC5186B283BE46700D0E658 /* TestData */ = {
			isa = PBXGroup;
			children = (
				1AC5186C283BE4F100D0E658 /* HomesInfo.json */,
				1AC5186E283BE53400D0E658 /* HomeDetail.json */,
			);
			path = TestData;
			sourceTree = "<group>";
		};
		1AC51874283E302700D0E658 /* HomeDetail */ = {
			isa = PBXGroup;
			children = (
				1AC51875283E342700D0E658 /* HomeDetailCoordinator.swift */,
				1AC51879283E351100D0E658 /* HomeDetailViewController.swift */,
				1AC51877283E34DA00D0E658 /* HomeDetailViewModel.swift */,
				1AC5187B283E36FE00D0E658 /* HomeDetailView.swift */,
			);
			path = HomeDetail;
			sourceTree = "<group>";
		};
		4E139D7349493283288853F0 /* Frameworks */ = {
			isa = PBXGroup;
			children = (
				BE5289FB761AB63491B44A4C /* Pods_HomeForSale.framework */,
			);
			name = Frameworks;
			sourceTree = "<group>";
		};
/* End PBXGroup section */

/* Begin PBXNativeTarget section */
		1A0FAA21282FB53200D9F8F1 /* HomeForSale */ = {
			isa = PBXNativeTarget;
			buildConfigurationList = 1A0FAA36282FB53400D9F8F1 /* Build configuration list for PBXNativeTarget "HomeForSale" */;
			buildPhases = (
				426E6FD97F0D37C491205D1E /* [CP] Check Pods Manifest.lock */,
				1A0FAA1E282FB53200D9F8F1 /* Sources */,
				1A0FAA1F282FB53200D9F8F1 /* Frameworks */,
				1A0FAA20282FB53200D9F8F1 /* Resources */,
				B9B75FE72D92A07FA844C1AF /* [CP] Embed Pods Frameworks */,
				1A8CF03E2840FB31007A0173 /* ShellScript */,
			);
			buildRules = (
			);
			dependencies = (
			);
			name = HomeForSale;
			productName = HomeForSale;
			productReference = 1A0FAA22282FB53200D9F8F1 /* HomeForSale.app */;
			productType = "com.apple.product-type.application";
		};
/* End PBXNativeTarget section */

/* Begin PBXProject section */
		1A0FAA1A282FB53200D9F8F1 /* Project object */ = {
			isa = PBXProject;
			attributes = {
				BuildIndependentTargetsInParallel = 1;
				LastSwiftUpdateCheck = 1330;
				LastUpgradeCheck = 1330;
				TargetAttributes = {
					1A0FAA21282FB53200D9F8F1 = {
						CreatedOnToolsVersion = 13.3.1;
					};
				};
			};
			buildConfigurationList = 1A0FAA1D282FB53200D9F8F1 /* Build configuration list for PBXProject "HomeForSale" */;
			compatibilityVersion = "Xcode 13.0";
			developmentRegion = en;
			hasScannedForEncodings = 0;
			knownRegions = (
				en,
				Base,
				ru,
			);
			mainGroup = 1A0FAA19282FB53200D9F8F1;
			productRefGroup = 1A0FAA23282FB53200D9F8F1 /* Products */;
			projectDirPath = "";
			projectRoot = "";
			targets = (
				1A0FAA21282FB53200D9F8F1 /* HomeForSale */,
			);
		};
/* End PBXProject section */

/* Begin PBXResourcesBuildPhase section */
		1A0FAA20282FB53200D9F8F1 /* Resources */ = {
			isa = PBXResourcesBuildPhase;
			buildActionMask = 2147483647;
			files = (
				1AC5186D283BE4F100D0E658 /* HomesInfo.json in Resources */,
				1A29B55128363BC500F86F02 /* LabelViewController.xib in Resources */,
				1A0FAA32282FB53400D9F8F1 /* LaunchScreen.storyboard in Resources */,
				1AC51882283E770F00D0E658 /* Localizable.strings in Resources */,
				1AC5186F283BE53400D0E658 /* HomeDetail.json in Resources */,
				1A29B53C28352B6E00F86F02 /* ButtonView.xib in Resources */,
				1A0FAA2F282FB53400D9F8F1 /* Assets.xcassets in Resources */,
			);
			runOnlyForDeploymentPostprocessing = 0;
		};
/* End PBXResourcesBuildPhase section */

/* Begin PBXShellScriptBuildPhase section */
		1A8CF03E2840FB31007A0173 /* ShellScript */ = {
			isa = PBXShellScriptBuildPhase;
			buildActionMask = 2147483647;
			files = (
			);
			inputFileListPaths = (
			);
			inputPaths = (
			);
			outputFileListPaths = (
			);
			outputPaths = (
			);
			runOnlyForDeploymentPostprocessing = 0;
			shellPath = /bin/sh;
			shellScript = "# Type a script or drag a script file from your workspace to insert its path.\nif which swiftlint >/dev/null; then\n  swiftlint autocorrect\nelse\n  echo \"warning: SwiftLint not installed, download from https://github.com/realm/SwiftLint\"\nfi\n";
		};
		426E6FD97F0D37C491205D1E /* [CP] Check Pods Manifest.lock */ = {
			isa = PBXShellScriptBuildPhase;
			buildActionMask = 2147483647;
			files = (
			);
			inputFileListPaths = (
			);
			inputPaths = (
				"${PODS_PODFILE_DIR_PATH}/Podfile.lock",
				"${PODS_ROOT}/Manifest.lock",
			);
			name = "[CP] Check Pods Manifest.lock";
			outputFileListPaths = (
			);
			outputPaths = (
				"$(DERIVED_FILE_DIR)/Pods-HomeForSale-checkManifestLockResult.txt",
			);
			runOnlyForDeploymentPostprocessing = 0;
			shellPath = /bin/sh;
			shellScript = "diff \"${PODS_PODFILE_DIR_PATH}/Podfile.lock\" \"${PODS_ROOT}/Manifest.lock\" > /dev/null\nif [ $? != 0 ] ; then\n    # print error to STDERR\n    echo \"error: The sandbox is not in sync with the Podfile.lock. Run 'pod install' or update your CocoaPods installation.\" >&2\n    exit 1\nfi\n# This output is used by Xcode 'outputs' to avoid re-running this script phase.\necho \"SUCCESS\" > \"${SCRIPT_OUTPUT_FILE_0}\"\n";
			showEnvVarsInLog = 0;
		};
		B9B75FE72D92A07FA844C1AF /* [CP] Embed Pods Frameworks */ = {
			isa = PBXShellScriptBuildPhase;
			buildActionMask = 2147483647;
			files = (
			);
			inputFileListPaths = (
				"${PODS_ROOT}/Target Support Files/Pods-HomeForSale/Pods-HomeForSale-frameworks-${CONFIGURATION}-input-files.xcfilelist",
			);
			name = "[CP] Embed Pods Frameworks";
			outputFileListPaths = (
				"${PODS_ROOT}/Target Support Files/Pods-HomeForSale/Pods-HomeForSale-frameworks-${CONFIGURATION}-output-files.xcfilelist",
			);
			runOnlyForDeploymentPostprocessing = 0;
			shellPath = /bin/sh;
			shellScript = "\"${PODS_ROOT}/Target Support Files/Pods-HomeForSale/Pods-HomeForSale-frameworks.sh\"\n";
			showEnvVarsInLog = 0;
		};
/* End PBXShellScriptBuildPhase section */

/* Begin PBXSourcesBuildPhase section */
		1A0FAA1E282FB53200D9F8F1 /* Sources */ = {
			isa = PBXSourcesBuildPhase;
			buildActionMask = 2147483647;
			files = (
				1AC5187E283E619300D0E658 /* HomeDetail.swift in Sources */,
				1AC51866283BA16D00D0E658 /* HomesView.swift in Sources */,
				1AC51868283BC6BF00D0E658 /* HomeInfoTableViewCell.swift in Sources */,
				1A29B545283534B900F86F02 /* XibButtonViewCoordinator.swift in Sources */,
				1A29B54028352F9900F86F02 /* ButtonViewController.swift in Sources */,
				1A29B5422835342E00F86F02 /* ButtonViewModal.swift in Sources */,
				1AC51871283CCCB500D0E658 /* HomesViewModel.swift in Sources */,
				1A29B5492836393100F86F02 /* XibLabelViewCoordinator.swift in Sources */,
				1A0FAA57283262F100D9F8F1 /* TypeCell.swift in Sources */,
				1A3716CD283FAA0B00585907 /* DataManager.swift in Sources */,
				1A0FAA26282FB53200D9F8F1 /* AppDelegate.swift in Sources */,
				1AC51873283CCE7700D0E658 /* HomeInfoCellViewModel.swift in Sources */,
				1AC5187A283E351100D0E658 /* HomeDetailViewController.swift in Sources */,
				1A46D0B2284652AB005DBF7E /* LocalDataManager.swift in Sources */,
				1A29B53A2835063900F86F02 /* HomeCell.swift in Sources */,
				1A29B53E28352C1500F86F02 /* ButtonView.swift in Sources */,
				1AC51887283E805A00D0E658 /* NetworkDataDelegate.swift in Sources */,
				1AB31B13283B78F00027C338 /* MainController.swift in Sources */,
				1AC51878283E34DA00D0E658 /* HomeDetailViewModel.swift in Sources */,
				1A29B55028363BC500F86F02 /* LabelViewController.swift in Sources */,
				1AC51861283B956C00D0E658 /* MainView.swift in Sources */,
				1A0FAA3D282FE0C200D9F8F1 /* HomeAPI.swift in Sources */,
				1AC5186A283BD07300D0E658 /* HomesInfoTableCoordinator.swift in Sources */,
				1A29B55A283656DA00F86F02 /* DetailScreenViewController.swift in Sources */,
				1A29B5382833D33100F86F02 /* Constants.swift in Sources */,
				1A29B5582836562E00F86F02 /* DetailScreenCoordinator.swift in Sources */,
				1A46D0B6284655C6005DBF7E /* NetworkDataManager.swift in Sources */,
				1A29B55628364F7900F86F02 /* DetailScreenViewModel.swift in Sources */,
				1A29B54B283639C200F86F02 /* LabelViewModel.swift in Sources */,
				1A0FAA4F282FEE6200D9F8F1 /* Box.swift in Sources */,
				1A46D0B428465328005DBF7E /* DataManagerProtocol.swift in Sources */,
				1AC5187C283E36FE00D0E658 /* HomeDetailView.swift in Sources */,
				1A0FAA28282FB53200D9F8F1 /* SceneDelegate.swift in Sources */,
				1A29B55428364DF000F86F02 /* Coordinator.swift in Sources */,
				1AC51876283E342700D0E658 /* HomeDetailCoordinator.swift in Sources */,
				1AC51864283B9F7000D0E658 /* HomesViewController.swift in Sources */,
			);
			runOnlyForDeploymentPostprocessing = 0;
		};
/* End PBXSourcesBuildPhase section */

/* Begin PBXVariantGroup section */
		1A0FAA30282FB53400D9F8F1 /* LaunchScreen.storyboard */ = {
			isa = PBXVariantGroup;
			children = (
				1A0FAA31282FB53400D9F8F1 /* Base */,
				1AC5187F283E761200D0E658 /* ru */,
			);
			name = LaunchScreen.storyboard;
			sourceTree = "<group>";
		};
		1AC51884283E770F00D0E658 /* Localizable.strings */ = {
			isa = PBXVariantGroup;
			children = (
				1AC51883283E770F00D0E658 /* en */,
				1AC51885283E771100D0E658 /* ru */,
			);
			name = Localizable.strings;
			sourceTree = "<group>";
		};
/* End PBXVariantGroup section */

/* Begin XCBuildConfiguration section */
		1A0FAA34282FB53400D9F8F1 /* Debug */ = {
			isa = XCBuildConfiguration;
			buildSettings = {
				ALWAYS_SEARCH_USER_PATHS = NO;
				CLANG_ANALYZER_LOCALIZABILITY_NONLOCALIZED = YES;
				CLANG_ANALYZER_NONNULL = YES;
				CLANG_ANALYZER_NUMBER_OBJECT_CONVERSION = YES_AGGRESSIVE;
				CLANG_CXX_LANGUAGE_STANDARD = "gnu++17";
				CLANG_ENABLE_MODULES = YES;
				CLANG_ENABLE_OBJC_ARC = YES;
				CLANG_ENABLE_OBJC_WEAK = YES;
				CLANG_WARN_BLOCK_CAPTURE_AUTORELEASING = YES;
				CLANG_WARN_BOOL_CONVERSION = YES;
				CLANG_WARN_COMMA = YES;
				CLANG_WARN_CONSTANT_CONVERSION = YES;
				CLANG_WARN_DEPRECATED_OBJC_IMPLEMENTATIONS = YES;
				CLANG_WARN_DIRECT_OBJC_ISA_USAGE = YES_ERROR;
				CLANG_WARN_DOCUMENTATION_COMMENTS = YES;
				CLANG_WARN_EMPTY_BODY = YES;
				CLANG_WARN_ENUM_CONVERSION = YES;
				CLANG_WARN_INFINITE_RECURSION = YES;
				CLANG_WARN_INT_CONVERSION = YES;
				CLANG_WARN_NON_LITERAL_NULL_CONVERSION = YES;
				CLANG_WARN_OBJC_IMPLICIT_RETAIN_SELF = YES;
				CLANG_WARN_OBJC_LITERAL_CONVERSION = YES;
				CLANG_WARN_OBJC_ROOT_CLASS = YES_ERROR;
				CLANG_WARN_QUOTED_INCLUDE_IN_FRAMEWORK_HEADER = YES;
				CLANG_WARN_RANGE_LOOP_ANALYSIS = YES;
				CLANG_WARN_STRICT_PROTOTYPES = YES;
				CLANG_WARN_SUSPICIOUS_MOVE = YES;
				CLANG_WARN_UNGUARDED_AVAILABILITY = YES_AGGRESSIVE;
				CLANG_WARN_UNREACHABLE_CODE = YES;
				CLANG_WARN__DUPLICATE_METHOD_MATCH = YES;
				COPY_PHASE_STRIP = NO;
				DEBUG_INFORMATION_FORMAT = dwarf;
				ENABLE_STRICT_OBJC_MSGSEND = YES;
				ENABLE_TESTABILITY = YES;
				GCC_C_LANGUAGE_STANDARD = gnu11;
				GCC_DYNAMIC_NO_PIC = NO;
				GCC_NO_COMMON_BLOCKS = YES;
				GCC_OPTIMIZATION_LEVEL = 0;
				GCC_PREPROCESSOR_DEFINITIONS = (
					"DEBUG=1",
					"$(inherited)",
				);
				GCC_WARN_64_TO_32_BIT_CONVERSION = YES;
				GCC_WARN_ABOUT_RETURN_TYPE = YES_ERROR;
				GCC_WARN_UNDECLARED_SELECTOR = YES;
				GCC_WARN_UNINITIALIZED_AUTOS = YES_AGGRESSIVE;
				GCC_WARN_UNUSED_FUNCTION = YES;
				GCC_WARN_UNUSED_VARIABLE = YES;
				IPHONEOS_DEPLOYMENT_TARGET = 15.4;
				MTL_ENABLE_DEBUG_INFO = INCLUDE_SOURCE;
				MTL_FAST_MATH = YES;
				ONLY_ACTIVE_ARCH = YES;
				SDKROOT = iphoneos;
				SWIFT_ACTIVE_COMPILATION_CONDITIONS = DEBUG;
				SWIFT_OPTIMIZATION_LEVEL = "-Onone";
			};
			name = Debug;
		};
		1A0FAA35282FB53400D9F8F1 /* Release */ = {
			isa = XCBuildConfiguration;
			buildSettings = {
				ALWAYS_SEARCH_USER_PATHS = NO;
				CLANG_ANALYZER_LOCALIZABILITY_NONLOCALIZED = YES;
				CLANG_ANALYZER_NONNULL = YES;
				CLANG_ANALYZER_NUMBER_OBJECT_CONVERSION = YES_AGGRESSIVE;
				CLANG_CXX_LANGUAGE_STANDARD = "gnu++17";
				CLANG_ENABLE_MODULES = YES;
				CLANG_ENABLE_OBJC_ARC = YES;
				CLANG_ENABLE_OBJC_WEAK = YES;
				CLANG_WARN_BLOCK_CAPTURE_AUTORELEASING = YES;
				CLANG_WARN_BOOL_CONVERSION = YES;
				CLANG_WARN_COMMA = YES;
				CLANG_WARN_CONSTANT_CONVERSION = YES;
				CLANG_WARN_DEPRECATED_OBJC_IMPLEMENTATIONS = YES;
				CLANG_WARN_DIRECT_OBJC_ISA_USAGE = YES_ERROR;
				CLANG_WARN_DOCUMENTATION_COMMENTS = YES;
				CLANG_WARN_EMPTY_BODY = YES;
				CLANG_WARN_ENUM_CONVERSION = YES;
				CLANG_WARN_INFINITE_RECURSION = YES;
				CLANG_WARN_INT_CONVERSION = YES;
				CLANG_WARN_NON_LITERAL_NULL_CONVERSION = YES;
				CLANG_WARN_OBJC_IMPLICIT_RETAIN_SELF = YES;
				CLANG_WARN_OBJC_LITERAL_CONVERSION = YES;
				CLANG_WARN_OBJC_ROOT_CLASS = YES_ERROR;
				CLANG_WARN_QUOTED_INCLUDE_IN_FRAMEWORK_HEADER = YES;
				CLANG_WARN_RANGE_LOOP_ANALYSIS = YES;
				CLANG_WARN_STRICT_PROTOTYPES = YES;
				CLANG_WARN_SUSPICIOUS_MOVE = YES;
				CLANG_WARN_UNGUARDED_AVAILABILITY = YES_AGGRESSIVE;
				CLANG_WARN_UNREACHABLE_CODE = YES;
				CLANG_WARN__DUPLICATE_METHOD_MATCH = YES;
				COPY_PHASE_STRIP = NO;
				DEBUG_INFORMATION_FORMAT = "dwarf-with-dsym";
				ENABLE_NS_ASSERTIONS = NO;
				ENABLE_STRICT_OBJC_MSGSEND = YES;
				GCC_C_LANGUAGE_STANDARD = gnu11;
				GCC_NO_COMMON_BLOCKS = YES;
				GCC_WARN_64_TO_32_BIT_CONVERSION = YES;
				GCC_WARN_ABOUT_RETURN_TYPE = YES_ERROR;
				GCC_WARN_UNDECLARED_SELECTOR = YES;
				GCC_WARN_UNINITIALIZED_AUTOS = YES_AGGRESSIVE;
				GCC_WARN_UNUSED_FUNCTION = YES;
				GCC_WARN_UNUSED_VARIABLE = YES;
				IPHONEOS_DEPLOYMENT_TARGET = 15.4;
				MTL_ENABLE_DEBUG_INFO = NO;
				MTL_FAST_MATH = YES;
				SDKROOT = iphoneos;
				SWIFT_COMPILATION_MODE = wholemodule;
				SWIFT_OPTIMIZATION_LEVEL = "-O";
				VALIDATE_PRODUCT = YES;
			};
			name = Release;
		};
		1A0FAA37282FB53400D9F8F1 /* Debug */ = {
			isa = XCBuildConfiguration;
			baseConfigurationReference = 33DEB3ED0A44EB75379B4D7F /* Pods-HomeForSale.debug.xcconfig */;
			buildSettings = {
				ASSETCATALOG_COMPILER_APPICON_NAME = AppIcon;
				ASSETCATALOG_COMPILER_GLOBAL_ACCENT_COLOR_NAME = AccentColor;
				CODE_SIGN_STYLE = Automatic;
				CURRENT_PROJECT_VERSION = 1;
				GENERATE_INFOPLIST_FILE = YES;
				INFOPLIST_FILE = HomeForSale/Info.plist;
				INFOPLIST_KEY_UIApplicationSupportsIndirectInputEvents = YES;
				INFOPLIST_KEY_UILaunchStoryboardName = LaunchScreen;
				INFOPLIST_KEY_UISupportedInterfaceOrientations_iPad = "UIInterfaceOrientationPortrait UIInterfaceOrientationPortraitUpsideDown UIInterfaceOrientationLandscapeLeft UIInterfaceOrientationLandscapeRight";
				INFOPLIST_KEY_UISupportedInterfaceOrientations_iPhone = "UIInterfaceOrientationPortrait UIInterfaceOrientationLandscapeLeft UIInterfaceOrientationLandscapeRight";
				LD_RUNPATH_SEARCH_PATHS = (
					"$(inherited)",
					"@executable_path/Frameworks",
				);
				MARKETING_VERSION = 1.0;
				PRODUCT_BUNDLE_IDENTIFIER = com.ybely.HomeForSale;
				PRODUCT_NAME = "$(TARGET_NAME)";
				SWIFT_EMIT_LOC_STRINGS = YES;
				SWIFT_VERSION = 5.0;
				TARGETED_DEVICE_FAMILY = "1,2";
			};
			name = Debug;
		};
		1A0FAA38282FB53400D9F8F1 /* Release */ = {
			isa = XCBuildConfiguration;
			baseConfigurationReference = C186C772F6EC67ED24813C1C /* Pods-HomeForSale.release.xcconfig */;
			buildSettings = {
				ASSETCATALOG_COMPILER_APPICON_NAME = AppIcon;
				ASSETCATALOG_COMPILER_GLOBAL_ACCENT_COLOR_NAME = AccentColor;
				CODE_SIGN_STYLE = Automatic;
				CURRENT_PROJECT_VERSION = 1;
				GENERATE_INFOPLIST_FILE = YES;
				INFOPLIST_FILE = HomeForSale/Info.plist;
				INFOPLIST_KEY_UIApplicationSupportsIndirectInputEvents = YES;
				INFOPLIST_KEY_UILaunchStoryboardName = LaunchScreen;
				INFOPLIST_KEY_UISupportedInterfaceOrientations_iPad = "UIInterfaceOrientationPortrait UIInterfaceOrientationPortraitUpsideDown UIInterfaceOrientationLandscapeLeft UIInterfaceOrientationLandscapeRight";
				INFOPLIST_KEY_UISupportedInterfaceOrientations_iPhone = "UIInterfaceOrientationPortrait UIInterfaceOrientationLandscapeLeft UIInterfaceOrientationLandscapeRight";
				LD_RUNPATH_SEARCH_PATHS = (
					"$(inherited)",
					"@executable_path/Frameworks",
				);
				MARKETING_VERSION = 1.0;
				PRODUCT_BUNDLE_IDENTIFIER = com.ybely.HomeForSale;
				PRODUCT_NAME = "$(TARGET_NAME)";
				SWIFT_EMIT_LOC_STRINGS = YES;
				SWIFT_VERSION = 5.0;
				TARGETED_DEVICE_FAMILY = "1,2";
			};
			name = Release;
		};
/* End XCBuildConfiguration section */

/* Begin XCConfigurationList section */
		1A0FAA1D282FB53200D9F8F1 /* Build configuration list for PBXProject "HomeForSale" */ = {
			isa = XCConfigurationList;
			buildConfigurations = (
				1A0FAA34282FB53400D9F8F1 /* Debug */,
				1A0FAA35282FB53400D9F8F1 /* Release */,
			);
			defaultConfigurationIsVisible = 0;
			defaultConfigurationName = Release;
		};
		1A0FAA36282FB53400D9F8F1 /* Build configuration list for PBXNativeTarget "HomeForSale" */ = {
			isa = XCConfigurationList;
			buildConfigurations = (
				1A0FAA37282FB53400D9F8F1 /* Debug */,
				1A0FAA38282FB53400D9F8F1 /* Release */,
			);
			defaultConfigurationIsVisible = 0;
			defaultConfigurationName = Release;
		};
/* End XCConfigurationList section */
	};
	rootObject = 1A0FAA1A282FB53200D9F8F1 /* Project object */;
}
